
Microsoft Visual Studio Solution File, Format Version 12.00
# Visual Studio Version 17
VisualStudioVersion = 17.5.33516.290
MinimumVisualStudioVersion = 10.0.40219.1
Project("{FAE04EC0-301F-11D3-BF4B-00C04F79EFBC}") = "Lab06ListView.Android", "Lab06ListView\Lab06ListView.Android\Lab06ListView.Android.csproj", "{65A7AC16-16D4-4A05-923E-58B7A21F15F6}"
EndProject
Project("{FAE04EC0-301F-11D3-BF4B-00C04F79EFBC}") = "Lab06ListView.iOS", "Lab06ListView\Lab06ListView.iOS\Lab06ListView.iOS.csproj", "{AE639D5E-42D4-4970-82DE-2146DBC61F0A}"
EndProject
Project("{FAE04EC0-301F-11D3-BF4B-00C04F79EFBC}") = "Lab06ListView", "Lab06ListView\Lab06ListView\Lab06ListView.csproj", "{F7617C7E-66A3-455F-9A84-5FA7491A35D4}"
EndProject
Global
	GlobalSection(SolutionConfigurationPlatforms) = preSolution
		Debug|Any CPU = Debug|Any CPU
		Debug|iPhone = Debug|iPhone
		Debug|iPhoneSimulator = Debug|iPhoneSimulator
		Release|Any CPU = Release|Any CPU
		Release|iPhone = Release|iPhone
		Release|iPhoneSimulator = Release|iPhoneSimulator
	EndGlobalSection
	GlobalSection(ProjectConfigurationPlatforms) = postSolution
		{65A7AC16-16D4-4A05-923E-58B7A21F15F6}.Debug|Any CPU.ActiveCfg = Debug|Any CPU
		{65A7AC16-16D4-4A05-923E-58B7A21F15F6}.Debug|Any CPU.Build.0 = Debug|Any CPU
		{65A7AC16-16D4-4A05-923E-58B7A21F15F6}.Debug|Any CPU.Deploy.0 = Debug|Any CPU
		{65A7AC16-16D4-4A05-923E-58B7A21F15F6}.Debug|iPhone.ActiveCfg = Debug|Any CPU
		{65A7AC16-16D4-4A05-923E-58B7A21F15F6}.Debug|iPhone.Build.0 = Debug|Any CPU
		{65A7AC16-16D4-4A05-923E-58B7A21F15F6}.Debug|iPhone.Deploy.0 = Debug|Any CPU
		{65A7AC16-16D4-4A05-923E-58B7A21F15F6}.Debug|iPhoneSimulator.ActiveCfg = Debug|Any CPU
		{65A7AC16-16D4-4A05-923E-58B7A21F15F6}.Debug|iPhoneSimulator.Build.0 = Debug|Any CPU
		{65A7AC16-16D4-4A05-923E-58B7A21F15F6}.Debug|iPhoneSimulator.Deploy.0 = Debug|Any CPU
		{65A7AC16-16D4-4A05-923E-58B7A21F15F6}.Release|Any CPU.ActiveCfg = Release|Any CPU
		{65A7AC16-16D4-4A05-923E-58B7A21F15F6}.Release|Any CPU.Build.0 = Release|Any CPU
		{65A7AC16-16D4-4A05-923E-58B7A21F15F6}.Release|Any CPU.Deploy.0 = Release|Any CPU
		{65A7AC16-16D4-4A05-923E-58B7A21F15F6}.Release|iPhone.ActiveCfg = Release|Any CPU
		{65A7AC16-16D4-4A05-923E-58B7A21F15F6}.Release|iPhone.Build.0 = Release|Any CPU
		{65A7AC16-16D4-4A05-923E-58B7A21F15F6}.Release|iPhone.Deploy.0 = Release|Any CPU
		{65A7AC16-16D4-4A05-923E-58B7A21F15F6}.Release|iPhoneSimulator.ActiveCfg = Release|Any CPU
		{65A7AC16-16D4-4A05-923E-58B7A21F15F6}.Release|iPhoneSimulator.Build.0 = Release|Any CPU
		{65A7AC16-16D4-4A05-923E-58B7A21F15F6}.Release|iPhoneSimulator.Deploy.0 = Release|Any CPU
		{AE639D5E-42D4-4970-82DE-2146DBC61F0A}.Debug|Any CPU.ActiveCfg = Debug|iPhone
		{AE639D5E-42D4-4970-82DE-2146DBC61F0A}.Debug|Any CPU.Build.0 = Debug|iPhone
		{AE639D5E-42D4-4970-82DE-2146DBC61F0A}.Debug|Any CPU.Deploy.0 = Debug|iPhone
		{AE639D5E-42D4-4970-82DE-2146DBC61F0A}.Debug|iPhone.ActiveCfg = Debug|iPhone
		{AE639D5E-42D4-4970-82DE-2146DBC61F0A}.Debug|iPhone.Build.0 = Debug|iPhone
		{AE639D5E-42D4-4970-82DE-2146DBC61F0A}.Debug|iPhone.Deploy.0 = Debug|iPhone
		{AE639D5E-42D4-4970-82DE-2146DBC61F0A}.Debug|iPhoneSimulator.ActiveCfg = Debug|iPhoneSimulator
		{AE639D5E-42D4-4970-82DE-2146DBC61F0A}.Debug|iPhoneSimulator.Build.0 = Debug|iPhoneSimulator
		{AE639D5E-42D4-4970-82DE-2146DBC61F0A}.Debug|iPhoneSimulator.Deploy.0 = Debug|iPhoneSimulator
		{AE639D5E-42D4-4970-82DE-2146DBC61F0A}.Release|Any CPU.ActiveCfg = Release|iPhoneSimulator
		{AE639D5E-42D4-4970-82DE-2146DBC61F0A}.Release|Any CPU.Build.0 = Release|iPhoneSimulator
		{AE639D5E-42D4-4970-82DE-2146DBC61F0A}.Release|Any CPU.Deploy.0 = Release|iPhoneSimulator
		{AE639D5E-42D4-4970-82DE-2146DBC61F0A}.Release|iPhone.ActiveCfg = Release|iPhone
		{AE639D5E-42D4-4970-82DE-2146DBC61F0A}.Release|iPhone.Build.0 = Release|iPhone
		{AE639D5E-42D4-4970-82DE-2146DBC61F0A}.Release|iPhone.Deploy.0 = Release|iPhone
		{AE639D5E-42D4-4970-82DE-2146DBC61F0A}.Release|iPhoneSimulator.ActiveCfg = Release|iPhoneSimulator
		{AE639D5E-42D4-4970-82DE-2146DBC61F0A}.Release|iPhoneSimulator.Build.0 = Release|iPhoneSimulator
		{AE639D5E-42D4-4970-82DE-2146DBC61F0A}.Release|iPhoneSimulator.Deploy.0 = Release|iPhoneSimulator
		{F7617C7E-66A3-455F-9A84-5FA7491A35D4}.Debug|Any CPU.ActiveCfg = Debug|Any CPU
		{F7617C7E-66A3-455F-9A84-5FA7491A35D4}.Debug|Any CPU.Build.0 = Debug|Any CPU
		{F7617C7E-66A3-455F-9A84-5FA7491A35D4}.Debug|Any CPU.Deploy.0 = Debug|Any CPU
		{F7617C7E-66A3-455F-9A84-5FA7491A35D4}.Debug|iPhone.ActiveCfg = Debug|Any CPU
		{F7617C7E-66A3-455F-9A84-5FA7491A35D4}.Debug|iPhone.Build.0 = Debug|Any CPU
		{F7617C7E-66A3-455F-9A84-5FA7491A35D4}.Debug|iPhone.Deploy.0 = Debug|Any CPU
		{F7617C7E-66A3-455F-9A84-5FA7491A35D4}.Debug|iPhoneSimulator.ActiveCfg = Debug|Any CPU
		{F7617C7E-66A3-455F-9A84-5FA7491A35D4}.Debug|iPhoneSimulator.Build.0 = Debug|Any CPU
		{F7617C7E-66A3-455F-9A84-5FA7491A35D4}.Debug|iPhoneSimulator.Deploy.0 = Debug|Any CPU
		{F7617C7E-66A3-455F-9A84-5FA7491A35D4}.Release|Any CPU.ActiveCfg = Release|Any CPU
		{F7617C7E-66A3-455F-9A84-5FA7491A35D4}.Release|Any CPU.Build.0 = Release|Any CPU
		{F7617C7E-66A3-455F-9A84-5FA7491A35D4}.Release|Any CPU.Deploy.0 = Release|Any CPU
		{F7617C7E-66A3-455F-9A84-5FA7491A35D4}.Release|iPhone.ActiveCfg = Release|Any CPU
		{F7617C7E-66A3-455F-9A84-5FA7491A35D4}.Release|iPhone.Build.0 = Release|Any CPU
		{F7617C7E-66A3-455F-9A84-5FA7491A35D4}.Release|iPhone.Deploy.0 = Release|Any CPU
		{F7617C7E-66A3-455F-9A84-5FA7491A35D4}.Release|iPhoneSimulator.ActiveCfg = Release|Any CPU
		{F7617C7E-66A3-455F-9A84-5FA7491A35D4}.Release|iPhoneSimulator.Build.0 = Release|Any CPU
		{F7617C7E-66A3-455F-9A84-5FA7491A35D4}.Release|iPhoneSimulator.Deploy.0 = Release|Any CPU
	EndGlobalSection
	GlobalSection(SolutionProperties) = preSolution
		HideSolutionNode = FALSE
	EndGlobalSection
	GlobalSection(ExtensibilityGlobals) = postSolution
		SolutionGuid = {123E9915-E6D4-4F49-80C1-08D138B824B5}
	EndGlobalSection
EndGlobal
